
Microsoft Visual Studio Solution File, Format Version 12.00
# Visual Studio Version 16
VisualStudioVersion = 16.0.31402.337
MinimumVisualStudioVersion = 10.0.40219.1
Project("{9A19103F-16F7-4668-BE54-9A1E7A4F7556}") = "Task1", "Task1\Task1.csproj", "{889E8B33-524C-4BD6-B823-351FAFED6376}"
EndProject
Project("{FAE04EC0-301F-11D3-BF4B-00C04F79EFBC}") = "Task2", "Task2\Task2.csproj", "{6B4BB47A-BF06-48FF-866E-65C877F282F8}"
EndProject
Global
	GlobalSection(SolutionConfigurationPlatforms) = preSolution
		Debug|Any CPU = Debug|Any CPU
		Release|Any CPU = Release|Any CPU
	EndGlobalSection
	GlobalSection(ProjectConfigurationPlatforms) = postSolution
		{889E8B33-524C-4BD6-B823-351FAFED6376}.Debug|Any CPU.ActiveCfg = Debug|Any CPU
		{889E8B33-524C-4BD6-B823-351FAFED6376}.Debug|Any CPU.Build.0 = Debug|Any CPU
		{889E8B33-524C-4BD6-B823-351FAFED6376}.Release|Any CPU.ActiveCfg = Release|Any CPU
		{889E8B33-524C-4BD6-B823-351FAFED6376}.Release|Any CPU.Build.0 = Release|Any CPU
		{6B4BB47A-BF06-48FF-866E-65C877F282F8}.Debug|Any CPU.ActiveCfg = Debug|Any CPU
		{6B4BB47A-BF06-48FF-866E-65C877F282F8}.Debug|Any CPU.Build.0 = Debug|Any CPU
		{6B4BB47A-BF06-48FF-866E-65C877F282F8}.Release|Any CPU.ActiveCfg = Release|Any CPU
		{6B4BB47A-BF06-48FF-866E-65C877F282F8}.Release|Any CPU.Build.0 = Release|Any CPU
	EndGlobalSection
	GlobalSection(SolutionProperties) = preSolution
		HideSolutionNode = FALSE
	EndGlobalSection
	GlobalSection(ExtensibilityGlobals) = postSolution
		SolutionGuid = {8EDBF3D7-5A7A-46A7-9287-C57749B9698E}
	EndGlobalSection
EndGlobal
